
Microsoft Visual Studio Solution File, Format Version 12.00
# Visual Studio Version 16
VisualStudioVersion = 16.0.31313.79
MinimumVisualStudioVersion = 10.0.40219.1
Project("{FAE04EC0-301F-11D3-BF4B-00C04F79EFBC}") = "Section 7", "Section 7\Section 7.csproj", "{02FB273E-A94D-4240-AF20-BE004E2A0AAD}"
EndProject
Global
	GlobalSection(SolutionConfigurationPlatforms) = preSolution
		Debug|Any CPU = Debug|Any CPU
		Release|Any CPU = Release|Any CPU
	EndGlobalSection
	GlobalSection(ProjectConfigurationPlatforms) = postSolution
		{02FB273E-A94D-4240-AF20-BE004E2A0AAD}.Debug|Any CPU.ActiveCfg = Debug|Any CPU
		{02FB273E-A94D-4240-AF20-BE004E2A0AAD}.Debug|Any CPU.Build.0 = Debug|Any CPU
		{02FB273E-A94D-4240-AF20-BE004E2A0AAD}.Release|Any CPU.ActiveCfg = Release|Any CPU
		{02FB273E-A94D-4240-AF20-BE004E2A0AAD}.Release|Any CPU.Build.0 = Release|Any CPU
	EndGlobalSection
	GlobalSection(SolutionProperties) = preSolution
		HideSolutionNode = FALSE
	EndGlobalSection
	GlobalSection(ExtensibilityGlobals) = postSolution
		SolutionGuid = {30A34DE0-95C1-4544-8C29-601F4638A255}
	EndGlobalSection
EndGlobal
